
Microsoft Visual Studio Solution File, Format Version 12.00
# Visual Studio Version 17
VisualStudioVersion = 17.10.35013.160
MinimumVisualStudioVersion = 10.0.40219.1
Project("{9A19103F-16F7-4668-BE54-9A1E7A4F7556}") = "WebApp1", "WebApp1\WebApp1.csproj", "{37C91BDE-4182-470D-843A-FEDEA7EC5104}"
EndProject
Project("{9A19103F-16F7-4668-BE54-9A1E7A4F7556}") = "WebApp1.Tests", "WebApp1.Tests\WebApp1.Tests.csproj", "{91D7DD62-7FF7-47E5-B6E4-48643B2F9C4A}"
EndProject
Project("{FAE04EC0-301F-11D3-BF4B-00C04F79EFBC}") = "DAL", "DAL\DAL.csproj", "{E7872DA4-9191-4A89-B0E4-D7125D7BD045}"
EndProject
Project("{FAE04EC0-301F-11D3-BF4B-00C04F79EFBC}") = "Business", "Business\Business.csproj", "{FF24F81A-3D36-44CE-9FC7-AA3C1B223CBB}"
EndProject
Global
	GlobalSection(SolutionConfigurationPlatforms) = preSolution
		Debug|Any CPU = Debug|Any CPU
		Release|Any CPU = Release|Any CPU
	EndGlobalSection
	GlobalSection(ProjectConfigurationPlatforms) = postSolution
		{37C91BDE-4182-470D-843A-FEDEA7EC5104}.Debug|Any CPU.ActiveCfg = Debug|Any CPU
		{37C91BDE-4182-470D-843A-FEDEA7EC5104}.Debug|Any CPU.Build.0 = Debug|Any CPU
		{37C91BDE-4182-470D-843A-FEDEA7EC5104}.Release|Any CPU.ActiveCfg = Release|Any CPU
		{37C91BDE-4182-470D-843A-FEDEA7EC5104}.Release|Any CPU.Build.0 = Release|Any CPU
		{91D7DD62-7FF7-47E5-B6E4-48643B2F9C4A}.Debug|Any CPU.ActiveCfg = Debug|Any CPU
		{91D7DD62-7FF7-47E5-B6E4-48643B2F9C4A}.Debug|Any CPU.Build.0 = Debug|Any CPU
		{91D7DD62-7FF7-47E5-B6E4-48643B2F9C4A}.Release|Any CPU.ActiveCfg = Release|Any CPU
		{91D7DD62-7FF7-47E5-B6E4-48643B2F9C4A}.Release|Any CPU.Build.0 = Release|Any CPU
		{E7872DA4-9191-4A89-B0E4-D7125D7BD045}.Debug|Any CPU.ActiveCfg = Debug|Any CPU
		{E7872DA4-9191-4A89-B0E4-D7125D7BD045}.Debug|Any CPU.Build.0 = Debug|Any CPU
		{E7872DA4-9191-4A89-B0E4-D7125D7BD045}.Release|Any CPU.ActiveCfg = Release|Any CPU
		{E7872DA4-9191-4A89-B0E4-D7125D7BD045}.Release|Any CPU.Build.0 = Release|Any CPU
		{FF24F81A-3D36-44CE-9FC7-AA3C1B223CBB}.Debug|Any CPU.ActiveCfg = Debug|Any CPU
		{FF24F81A-3D36-44CE-9FC7-AA3C1B223CBB}.Debug|Any CPU.Build.0 = Debug|Any CPU
		{FF24F81A-3D36-44CE-9FC7-AA3C1B223CBB}.Release|Any CPU.ActiveCfg = Release|Any CPU
		{FF24F81A-3D36-44CE-9FC7-AA3C1B223CBB}.Release|Any CPU.Build.0 = Release|Any CPU
	EndGlobalSection
	GlobalSection(SolutionProperties) = preSolution
		HideSolutionNode = FALSE
	EndGlobalSection
	GlobalSection(ExtensibilityGlobals) = postSolution
		SolutionGuid = {ADF03067-D502-4BC9-A579-E5B8CA884292}
	EndGlobalSection
EndGlobal
