
Microsoft Visual Studio Solution File, Format Version 12.00
# Visual Studio Version 17
VisualStudioVersion = 17.10.35013.160
MinimumVisualStudioVersion = 10.0.40219.1
Project("{9A19103F-16F7-4668-BE54-9A1E7A4F7556}") = "WebApp1", "WebApp1\WebApp1.csproj", "{37C91BDE-4182-470D-843A-FEDEA7EC5104}"
	ProjectSection(ProjectDependencies) = postProject
		{033475BD-8C39-411E-AA3D-3D6D36FF624B} = {033475BD-8C39-411E-AA3D-3D6D36FF624B}
		{330EDC00-9C08-4FFE-8639-19177AA9DFC3} = {330EDC00-9C08-4FFE-8639-19177AA9DFC3}
	EndProjectSection
EndProject
Project("{9A19103F-16F7-4668-BE54-9A1E7A4F7556}") = "WebApp1.Tests", "WebApp1.Tests\WebApp1.Tests.csproj", "{91D7DD62-7FF7-47E5-B6E4-48643B2F9C4A}"
	ProjectSection(ProjectDependencies) = postProject
		{330EDC00-9C08-4FFE-8639-19177AA9DFC3} = {330EDC00-9C08-4FFE-8639-19177AA9DFC3}
	EndProjectSection
EndProject
Project("{9A19103F-16F7-4668-BE54-9A1E7A4F7556}") = "DAL", "DAL\DAL.csproj", "{033475BD-8C39-411E-AA3D-3D6D36FF624B}"
EndProject
Project("{9A19103F-16F7-4668-BE54-9A1E7A4F7556}") = "Business", "Business\Business.csproj", "{330EDC00-9C08-4FFE-8639-19177AA9DFC3}"
EndProject
Project("{9A19103F-16F7-4668-BE54-9A1E7A4F7556}") = "Shared", "Shared\Shared.csproj", "{540FA671-7FB6-4EAE-BE17-E3E514BBD384}"
EndProject
Project("{E53339B2-1760-4266-BCC7-CA923CBCF16C}") = "docker-compose", "docker-compose.dcproj", "{5DA8225A-679F-4BF4-885F-AC02DBFA2689}"
EndProject
Global
	GlobalSection(SolutionConfigurationPlatforms) = preSolution
		Debug|Any CPU = Debug|Any CPU
		Release|Any CPU = Release|Any CPU
	EndGlobalSection
	GlobalSection(ProjectConfigurationPlatforms) = postSolution
		{37C91BDE-4182-470D-843A-FEDEA7EC5104}.Debug|Any CPU.ActiveCfg = Debug|Any CPU
		{37C91BDE-4182-470D-843A-FEDEA7EC5104}.Debug|Any CPU.Build.0 = Debug|Any CPU
		{37C91BDE-4182-470D-843A-FEDEA7EC5104}.Release|Any CPU.ActiveCfg = Release|Any CPU
		{37C91BDE-4182-470D-843A-FEDEA7EC5104}.Release|Any CPU.Build.0 = Release|Any CPU
		{91D7DD62-7FF7-47E5-B6E4-48643B2F9C4A}.Debug|Any CPU.ActiveCfg = Debug|Any CPU
		{91D7DD62-7FF7-47E5-B6E4-48643B2F9C4A}.Debug|Any CPU.Build.0 = Debug|Any CPU
		{91D7DD62-7FF7-47E5-B6E4-48643B2F9C4A}.Release|Any CPU.ActiveCfg = Release|Any CPU
		{91D7DD62-7FF7-47E5-B6E4-48643B2F9C4A}.Release|Any CPU.Build.0 = Release|Any CPU
		{033475BD-8C39-411E-AA3D-3D6D36FF624B}.Debug|Any CPU.ActiveCfg = Debug|Any CPU
		{033475BD-8C39-411E-AA3D-3D6D36FF624B}.Debug|Any CPU.Build.0 = Debug|Any CPU
		{033475BD-8C39-411E-AA3D-3D6D36FF624B}.Release|Any CPU.ActiveCfg = Release|Any CPU
		{033475BD-8C39-411E-AA3D-3D6D36FF624B}.Release|Any CPU.Build.0 = Release|Any CPU
		{330EDC00-9C08-4FFE-8639-19177AA9DFC3}.Debug|Any CPU.ActiveCfg = Debug|Any CPU
		{330EDC00-9C08-4FFE-8639-19177AA9DFC3}.Debug|Any CPU.Build.0 = Debug|Any CPU
		{330EDC00-9C08-4FFE-8639-19177AA9DFC3}.Release|Any CPU.ActiveCfg = Release|Any CPU
		{330EDC00-9C08-4FFE-8639-19177AA9DFC3}.Release|Any CPU.Build.0 = Release|Any CPU
		{540FA671-7FB6-4EAE-BE17-E3E514BBD384}.Debug|Any CPU.ActiveCfg = Debug|Any CPU
		{540FA671-7FB6-4EAE-BE17-E3E514BBD384}.Debug|Any CPU.Build.0 = Debug|Any CPU
		{540FA671-7FB6-4EAE-BE17-E3E514BBD384}.Release|Any CPU.ActiveCfg = Release|Any CPU
		{540FA671-7FB6-4EAE-BE17-E3E514BBD384}.Release|Any CPU.Build.0 = Release|Any CPU
		{5DA8225A-679F-4BF4-885F-AC02DBFA2689}.Debug|Any CPU.ActiveCfg = Debug|Any CPU
		{5DA8225A-679F-4BF4-885F-AC02DBFA2689}.Debug|Any CPU.Build.0 = Debug|Any CPU
		{5DA8225A-679F-4BF4-885F-AC02DBFA2689}.Release|Any CPU.ActiveCfg = Release|Any CPU
		{5DA8225A-679F-4BF4-885F-AC02DBFA2689}.Release|Any CPU.Build.0 = Release|Any CPU
	EndGlobalSection
	GlobalSection(SolutionProperties) = preSolution
		HideSolutionNode = FALSE
	EndGlobalSection
	GlobalSection(ExtensibilityGlobals) = postSolution
		SolutionGuid = {ADF03067-D502-4BC9-A579-E5B8CA884292}
	EndGlobalSection
EndGlobal
