
Microsoft Visual Studio Solution File, Format Version 12.00
# Visual Studio Version 17
VisualStudioVersion = 17.10.35013.160
MinimumVisualStudioVersion = 10.0.40219.1
Project("{9A19103F-16F7-4668-BE54-9A1E7A4F7556}") = "WebApp1", "WebApp1\WebApp1.csproj", "{37C91BDE-4182-470D-843A-FEDEA7EC5104}"
EndProject
Project("{9A19103F-16F7-4668-BE54-9A1E7A4F7556}") = "WebApp1.Tests", "WebApp1.Tests\WebApp1.Tests.csproj", "{91D7DD62-7FF7-47E5-B6E4-48643B2F9C4A}"
EndProject
Project("{FAE04EC0-301F-11D3-BF4B-00C04F79EFBC}") = "DALL", "DALL\DALL.csproj", "{556EEA3E-9F05-4660-9C71-3CFF9CDD5FC0}"
EndProject
Project("{FAE04EC0-301F-11D3-BF4B-00C04F79EFBC}") = "Businesss", "Businesss\Businesss.csproj", "{7F348E0C-AD88-4AB9-988A-5F54196B37A2}"
EndProject
Global
	GlobalSection(SolutionConfigurationPlatforms) = preSolution
		Debug|Any CPU = Debug|Any CPU
		Release|Any CPU = Release|Any CPU
	EndGlobalSection
	GlobalSection(ProjectConfigurationPlatforms) = postSolution
		{37C91BDE-4182-470D-843A-FEDEA7EC5104}.Debug|Any CPU.ActiveCfg = Debug|Any CPU
		{37C91BDE-4182-470D-843A-FEDEA7EC5104}.Debug|Any CPU.Build.0 = Debug|Any CPU
		{37C91BDE-4182-470D-843A-FEDEA7EC5104}.Release|Any CPU.ActiveCfg = Release|Any CPU
		{37C91BDE-4182-470D-843A-FEDEA7EC5104}.Release|Any CPU.Build.0 = Release|Any CPU
		{91D7DD62-7FF7-47E5-B6E4-48643B2F9C4A}.Debug|Any CPU.ActiveCfg = Debug|Any CPU
		{91D7DD62-7FF7-47E5-B6E4-48643B2F9C4A}.Debug|Any CPU.Build.0 = Debug|Any CPU
		{91D7DD62-7FF7-47E5-B6E4-48643B2F9C4A}.Release|Any CPU.ActiveCfg = Release|Any CPU
		{91D7DD62-7FF7-47E5-B6E4-48643B2F9C4A}.Release|Any CPU.Build.0 = Release|Any CPU
		{556EEA3E-9F05-4660-9C71-3CFF9CDD5FC0}.Debug|Any CPU.ActiveCfg = Debug|Any CPU
		{556EEA3E-9F05-4660-9C71-3CFF9CDD5FC0}.Debug|Any CPU.Build.0 = Debug|Any CPU
		{556EEA3E-9F05-4660-9C71-3CFF9CDD5FC0}.Release|Any CPU.ActiveCfg = Release|Any CPU
		{556EEA3E-9F05-4660-9C71-3CFF9CDD5FC0}.Release|Any CPU.Build.0 = Release|Any CPU
		{7F348E0C-AD88-4AB9-988A-5F54196B37A2}.Debug|Any CPU.ActiveCfg = Debug|Any CPU
		{7F348E0C-AD88-4AB9-988A-5F54196B37A2}.Debug|Any CPU.Build.0 = Debug|Any CPU
		{7F348E0C-AD88-4AB9-988A-5F54196B37A2}.Release|Any CPU.ActiveCfg = Release|Any CPU
		{7F348E0C-AD88-4AB9-988A-5F54196B37A2}.Release|Any CPU.Build.0 = Release|Any CPU
	EndGlobalSection
	GlobalSection(SolutionProperties) = preSolution
		HideSolutionNode = FALSE
	EndGlobalSection
	GlobalSection(ExtensibilityGlobals) = postSolution
		SolutionGuid = {ADF03067-D502-4BC9-A579-E5B8CA884292}
	EndGlobalSection
EndGlobal
